
Microsoft Visual Studio Solution File, Format Version 12.00
# Visual Studio Version 17
VisualStudioVersion = 17.8.34309.116
MinimumVisualStudioVersion = 10.0.40219.1
Project("{9A19103F-16F7-4668-BE54-9A1E7A4F7556}") = "RazorPages", "RazorPages\RazorPages.csproj", "{6F9D82D4-544E-44FC-AC1C-DEF698212CAD}"
EndProject
Project("{9A19103F-16F7-4668-BE54-9A1E7A4F7556}") = "MVC", "MVC\MVC.csproj", "{95BF4992-BCDB-48CC-8934-F8B593B173DE}"
EndProject
Project("{9A19103F-16F7-4668-BE54-9A1E7A4F7556}") = "API", "API\API.csproj", "{522EBAF2-90BA-490D-B264-F50C55ACD3FD}"
EndProject
Project("{9A19103F-16F7-4668-BE54-9A1E7A4F7556}") = "BlazorServer", "BlazorServer\BlazorServer.csproj", "{DF09282B-38A0-4286-8DDA-B2A63C46E27F}"
EndProject
Project("{9A19103F-16F7-4668-BE54-9A1E7A4F7556}") = "BlazorClient", "BlazorClient\BlazorClient.csproj", "{FB5B02F7-3948-4604-B1EC-10F9946F15EE}"
EndProject
Global
	GlobalSection(SolutionConfigurationPlatforms) = preSolution
		Debug|Any CPU = Debug|Any CPU
		Release|Any CPU = Release|Any CPU
	EndGlobalSection
	GlobalSection(ProjectConfigurationPlatforms) = postSolution
		{6F9D82D4-544E-44FC-AC1C-DEF698212CAD}.Debug|Any CPU.ActiveCfg = Debug|Any CPU
		{6F9D82D4-544E-44FC-AC1C-DEF698212CAD}.Debug|Any CPU.Build.0 = Debug|Any CPU
		{6F9D82D4-544E-44FC-AC1C-DEF698212CAD}.Release|Any CPU.ActiveCfg = Release|Any CPU
		{6F9D82D4-544E-44FC-AC1C-DEF698212CAD}.Release|Any CPU.Build.0 = Release|Any CPU
		{95BF4992-BCDB-48CC-8934-F8B593B173DE}.Debug|Any CPU.ActiveCfg = Debug|Any CPU
		{95BF4992-BCDB-48CC-8934-F8B593B173DE}.Debug|Any CPU.Build.0 = Debug|Any CPU
		{95BF4992-BCDB-48CC-8934-F8B593B173DE}.Release|Any CPU.ActiveCfg = Release|Any CPU
		{95BF4992-BCDB-48CC-8934-F8B593B173DE}.Release|Any CPU.Build.0 = Release|Any CPU
		{522EBAF2-90BA-490D-B264-F50C55ACD3FD}.Debug|Any CPU.ActiveCfg = Debug|Any CPU
		{522EBAF2-90BA-490D-B264-F50C55ACD3FD}.Debug|Any CPU.Build.0 = Debug|Any CPU
		{522EBAF2-90BA-490D-B264-F50C55ACD3FD}.Release|Any CPU.ActiveCfg = Release|Any CPU
		{522EBAF2-90BA-490D-B264-F50C55ACD3FD}.Release|Any CPU.Build.0 = Release|Any CPU
		{DF09282B-38A0-4286-8DDA-B2A63C46E27F}.Debug|Any CPU.ActiveCfg = Debug|Any CPU
		{DF09282B-38A0-4286-8DDA-B2A63C46E27F}.Debug|Any CPU.Build.0 = Debug|Any CPU
		{DF09282B-38A0-4286-8DDA-B2A63C46E27F}.Release|Any CPU.ActiveCfg = Release|Any CPU
		{DF09282B-38A0-4286-8DDA-B2A63C46E27F}.Release|Any CPU.Build.0 = Release|Any CPU
		{FB5B02F7-3948-4604-B1EC-10F9946F15EE}.Debug|Any CPU.ActiveCfg = Debug|Any CPU
		{FB5B02F7-3948-4604-B1EC-10F9946F15EE}.Debug|Any CPU.Build.0 = Debug|Any CPU
		{FB5B02F7-3948-4604-B1EC-10F9946F15EE}.Release|Any CPU.ActiveCfg = Release|Any CPU
		{FB5B02F7-3948-4604-B1EC-10F9946F15EE}.Release|Any CPU.Build.0 = Release|Any CPU
	EndGlobalSection
	GlobalSection(SolutionProperties) = preSolution
		HideSolutionNode = FALSE
	EndGlobalSection
	GlobalSection(ExtensibilityGlobals) = postSolution
		SolutionGuid = {C7A89701-8ADF-4B4C-B90B-938412796D08}
	EndGlobalSection
EndGlobal
